
Microsoft Visual Studio Solution File, Format Version 12.00
# Visual Studio Version 16
VisualStudioVersion = 16.0.30804.86
MinimumVisualStudioVersion = 10.0.40219.1
Project("{2150E333-8FDC-42A3-9474-1A3956D46DE8}") = "src", "src", "{3EB305E4-AFC7-45CC-8B4A-5E9E2C541B33}"
EndProject
Project("{2150E333-8FDC-42A3-9474-1A3956D46DE8}") = "Catalog", "Catalog", "{1A6A7F3C-56BF-4827-ADC0-56C95F675B38}"
EndProject
Project("{9A19103F-16F7-4668-BE54-9A1E7A4F7556}") = "Catalog.API", "src\Catalog\Catalog.API\Catalog.API.csproj", "{92AFC231-DD7D-4921-9425-DEB0C120205F}"
EndProject
Project("{E53339B2-1760-4266-BCC7-CA923CBCF16C}") = "docker-compose", "docker-compose.dcproj", "{60912EB1-40E7-42A8-98F5-34534F612355}"
EndProject
Project("{2150E333-8FDC-42A3-9474-1A3956D46DE8}") = "Basket", "Basket", "{FF8020A2-8317-40CC-8C5D-68CD2BE0B85C}"
EndProject
Project("{9A19103F-16F7-4668-BE54-9A1E7A4F7556}") = "Basket.API", "src\Basket\Basket.API\Basket.API.csproj", "{D2DE5CF7-5CF9-4B90-A4F0-597E0C028FC4}"
EndProject
Project("{2150E333-8FDC-42A3-9474-1A3956D46DE8}") = "Common", "Common", "{E1C3DA1C-7B02-446C-8D23-82C3F649021F}"
EndProject
Project("{FAE04EC0-301F-11D3-BF4B-00C04F79EFBC}") = "EventBusRabbitMq", "src\Common\EventBusRabbitMq\EventBusRabbitMq.csproj", "{88A50B3C-74B8-44AF-B01D-76FD04C4F1B0}"
EndProject
Global
	GlobalSection(SolutionConfigurationPlatforms) = preSolution
		Debug|Any CPU = Debug|Any CPU
		Release|Any CPU = Release|Any CPU
	EndGlobalSection
	GlobalSection(ProjectConfigurationPlatforms) = postSolution
		{92AFC231-DD7D-4921-9425-DEB0C120205F}.Debug|Any CPU.ActiveCfg = Debug|Any CPU
		{92AFC231-DD7D-4921-9425-DEB0C120205F}.Debug|Any CPU.Build.0 = Debug|Any CPU
		{92AFC231-DD7D-4921-9425-DEB0C120205F}.Release|Any CPU.ActiveCfg = Release|Any CPU
		{92AFC231-DD7D-4921-9425-DEB0C120205F}.Release|Any CPU.Build.0 = Release|Any CPU
		{60912EB1-40E7-42A8-98F5-34534F612355}.Debug|Any CPU.ActiveCfg = Debug|Any CPU
		{60912EB1-40E7-42A8-98F5-34534F612355}.Debug|Any CPU.Build.0 = Debug|Any CPU
		{60912EB1-40E7-42A8-98F5-34534F612355}.Release|Any CPU.ActiveCfg = Release|Any CPU
		{60912EB1-40E7-42A8-98F5-34534F612355}.Release|Any CPU.Build.0 = Release|Any CPU
		{D2DE5CF7-5CF9-4B90-A4F0-597E0C028FC4}.Debug|Any CPU.ActiveCfg = Debug|Any CPU
		{D2DE5CF7-5CF9-4B90-A4F0-597E0C028FC4}.Debug|Any CPU.Build.0 = Debug|Any CPU
		{D2DE5CF7-5CF9-4B90-A4F0-597E0C028FC4}.Release|Any CPU.ActiveCfg = Release|Any CPU
		{D2DE5CF7-5CF9-4B90-A4F0-597E0C028FC4}.Release|Any CPU.Build.0 = Release|Any CPU
		{88A50B3C-74B8-44AF-B01D-76FD04C4F1B0}.Debug|Any CPU.ActiveCfg = Debug|Any CPU
		{88A50B3C-74B8-44AF-B01D-76FD04C4F1B0}.Debug|Any CPU.Build.0 = Debug|Any CPU
		{88A50B3C-74B8-44AF-B01D-76FD04C4F1B0}.Release|Any CPU.ActiveCfg = Release|Any CPU
		{88A50B3C-74B8-44AF-B01D-76FD04C4F1B0}.Release|Any CPU.Build.0 = Release|Any CPU
	EndGlobalSection
	GlobalSection(SolutionProperties) = preSolution
		HideSolutionNode = FALSE
	EndGlobalSection
	GlobalSection(NestedProjects) = preSolution
		{1A6A7F3C-56BF-4827-ADC0-56C95F675B38} = {3EB305E4-AFC7-45CC-8B4A-5E9E2C541B33}
		{92AFC231-DD7D-4921-9425-DEB0C120205F} = {1A6A7F3C-56BF-4827-ADC0-56C95F675B38}
		{FF8020A2-8317-40CC-8C5D-68CD2BE0B85C} = {3EB305E4-AFC7-45CC-8B4A-5E9E2C541B33}
		{D2DE5CF7-5CF9-4B90-A4F0-597E0C028FC4} = {FF8020A2-8317-40CC-8C5D-68CD2BE0B85C}
		{E1C3DA1C-7B02-446C-8D23-82C3F649021F} = {3EB305E4-AFC7-45CC-8B4A-5E9E2C541B33}
		{88A50B3C-74B8-44AF-B01D-76FD04C4F1B0} = {E1C3DA1C-7B02-446C-8D23-82C3F649021F}
	EndGlobalSection
	GlobalSection(ExtensibilityGlobals) = postSolution
		SolutionGuid = {DDEEE527-C82F-476D-AAC3-C1554ADA6B71}
	EndGlobalSection
EndGlobal
